// !$*UTF8*$!
{
	archiveVersion = 1;
	classes = {
	};
	objectVersion = 46;
	objects = {

/* Begin PBXBuildFile section */
		CD2DF7071D6C928B0059C75C /* AppDelegate.swift in Sources */ = {isa = PBXBuildFile; fileRef = CD2DF7061D6C928B0059C75C /* AppDelegate.swift */; };
		CD2DF7091D6C928B0059C75C /* ViewController.swift in Sources */ = {isa = PBXBuildFile; fileRef = CD2DF7081D6C928B0059C75C /* ViewController.swift */; };
		CD2DF70C1D6C928B0059C75C /* Main.storyboard in Resources */ = {isa = PBXBuildFile; fileRef = CD2DF70A1D6C928B0059C75C /* Main.storyboard */; };
		CD2DF70E1D6C928B0059C75C /* Assets.xcassets in Resources */ = {isa = PBXBuildFile; fileRef = CD2DF70D1D6C928B0059C75C /* Assets.xcassets */; };
		CD2DF7111D6C928B0059C75C /* LaunchScreen.storyboard in Resources */ = {isa = PBXBuildFile; fileRef = CD2DF70F1D6C928B0059C75C /* LaunchScreen.storyboard */; };
		CD2DF7191D6C941B0059C75C /* ResultViewController.swift in Sources */ = {isa = PBXBuildFile; fileRef = CD2DF7181D6C941B0059C75C /* ResultViewController.swift */; };
/* End PBXBuildFile section */

/* Begin PBXFileReference section */
		CD2DF7031D6C928B0059C75C /* SecondKadaiApp.app */ = {isa = PBXFileReference; explicitFileType = wrapper.application; includeInIndex = 0; path = SecondKadaiApp.app; sourceTree = BUILT_PRODUCTS_DIR; };
		CD2DF7061D6C928B0059C75C /* AppDelegate.swift */ = {isa = PBXFileReference; lastKnownFileType = sourcecode.swift; path = AppDelegate.swift; sourceTree = "<group>"; };
		CD2DF7081D6C928B0059C75C /* ViewController.swift */ = {isa = PBXFileReference; lastKnownFileType = sourcecode.swift; path = ViewController.swift; sourceTree = "<group>"; };
		CD2DF70B1D6C928B0059C75C /* Base */ = {isa = PBXFileReference; lastKnownFileType = file.storyboard; name = Base; path = Base.lproj/Main.storyboard; sourceTree = "<group>"; };
		CD2DF70D1D6C928B0059C75C /* Assets.xcassets */ = {isa = PBXFileReference; lastKnownFileType = folder.assetcatalog; path = Assets.xcassets; sourceTree = "<group>"; };
		CD2DF7101D6C928B0059C75C /* Base */ = {isa = PBXFileReference; lastKnownFileType = file.storyboard; name = Base; path = Base.lproj/LaunchScreen.storyboard; sourceTree = "<group>"; };
		CD2DF7121D6C928B0059C75C /* Info.plist */ = {isa = PBXFileReference; lastKnownFileType = text.plist.xml; path = Info.plist; sourceTree = "<group>"; };
		CD2DF7181D6C941B0059C75C /* ResultViewController.swift */ = {isa = PBXFileReference; fileEncoding = 4; lastKnownFileType = sourcecode.swift; path = ResultViewController.swift; sourceTree = "<group>"; };
/* End PBXFileReference section */

/* Begin PBXFrameworksBuildPhase section */
		CD2DF7001D6C928B0059C75C /* Frameworks */ = {
			isa = PBXFrameworksBuildPhase;
			buildActionMask = 2147483647;
			files = (
			);
			runOnlyForDeploymentPostprocessing = 0;
		};
/* End PBXFrameworksBuildPhase section */

/* Begin PBXGroup section */
		CD2DF6FA1D6C928B0059C75C = {
			isa = PBXGroup;
			children = (
				CD2DF7051D6C928B0059C75C /* SecondKadaiApp */,
				CD2DF7041D6C928B0059C75C /* Products */,
			);
			sourceTree = "<group>";
		};
		CD2DF7041D6C928B0059C75C /* Products */ = {
			isa = PBXGroup;
			children = (
				CD2DF7031D6C928B0059C75C /* SecondKadaiApp.app */,
			);
			name = Products;
			sourceTree = "<group>";
		};
		CD2DF7051D6C928B0059C75C /* SecondKadaiApp */ = {
			isa = PBXGroup;
			children = (
				CD2DF7061D6C928B0059C75C /* AppDelegate.swift */,
				CD2DF7081D6C928B0059C75C /* ViewController.swift */,
				CD2DF70A1D6C928B0059C75C /* Main.storyboard */,
				CD2DF7181D6C941B0059C75C /* ResultViewController.swift */,
				CD2DF70D1D6C928B0059C75C /* Assets.xcassets */,
				CD2DF70F1D6C928B0059C75C /* LaunchScreen.storyboard */,
				CD2DF7121D6C928B0059C75C /* Info.plist */,
			);
			path = SecondKadaiApp;
			sourceTree = "<group>";
		};
/* End PBXGroup section */

/* Begin PBXNativeTarget section */
		CD2DF7021D6C928B0059C75C /* SecondKadaiApp */ = {
			isa = PBXNativeTarget;
			buildConfigurationList = CD2DF7151D6C928B0059C75C /* Build configuration list for PBXNativeTarget "SecondKadaiApp" */;
			buildPhases = (
				CD2DF6FF1D6C928B0059C75C /* Sources */,
				CD2DF7001D6C928B0059C75C /* Frameworks */,
				CD2DF7011D6C928B0059C75C /* Resources */,
			);
			buildRules = (
			);
			dependencies = (
			);
			name = SecondKadaiApp;
			productName = SecondKadaiApp;
			productReference = CD2DF7031D6C928B0059C75C /* SecondKadaiApp.app */;
			productType = "com.apple.product-type.application";
		};
/* End PBXNativeTarget section */

/* Begin PBXProject section */
		CD2DF6FB1D6C928B0059C75C /* Project object */ = {
			isa = PBXProject;
			attributes = {
				LastSwiftUpdateCheck = 0730;
				LastUpgradeCheck = 0730;
				ORGANIZATIONNAME = takayoshi.yokoyama;
				TargetAttributes = {
					CD2DF7021D6C928B0059C75C = {
						CreatedOnToolsVersion = 7.3.1;
					};
				};
			};
			buildConfigurationList = CD2DF6FE1D6C928B0059C75C /* Build configuration list for PBXProject "SecondKadaiApp" */;
			compatibilityVersion = "Xcode 3.2";
			developmentRegion = English;
			hasScannedForEncodings = 0;
			knownRegions = (
				en,
				Base,
			);
			mainGroup = CD2DF6FA1D6C928B0059C75C;
			productRefGroup = CD2DF7041D6C928B0059C75C /* Products */;
			projectDirPath = "";
			projectRoot = "";
			targets = (
				CD2DF7021D6C928B0059C75C /* SecondKadaiApp */,
			);
		};
/* End PBXProject section */

/* Begin PBXResourcesBuildPhase section */
		CD2DF7011D6C928B0059C75C /* Resources */ = {
			isa = PBXResourcesBuildPhase;
			buildActionMask = 2147483647;
			files = (
				CD2DF7111D6C928B0059C75C /* LaunchScreen.storyboard in Resources */,
				CD2DF70E1D6C928B0059C75C /* Assets.xcassets in Resources */,
				CD2DF70C1D6C928B0059C75C /* Main.storyboard in Resources */,
			);
			runOnlyForDeploymentPostprocessing = 0;
		};
/* End PBXResourcesBuildPhase section */

/* Begin PBXSourcesBuildPhase section */
		CD2DF6FF1D6C928B0059C75C /* Sources */ = {
			isa = PBXSourcesBuildPhase;
			buildActionMask = 2147483647;
			files = (
				CD2DF7191D6C941B0059C75C /* ResultViewController.swift in Sources */,
				CD2DF7091D6C928B0059C75C /* ViewController.swift in Sources */,
				CD2DF7071D6C928B0059C75C /* AppDelegate.swift in Sources */,
			);
			runOnlyForDeploymentPostprocessing = 0;
		};
/* End PBXSourcesBuildPhase section */

/* Begin PBXVariantGroup section */
		CD2DF70A1D6C928B0059C75C /* Main.storyboard */ = {
			isa = PBXVariantGroup;
			children = (
				CD2DF70B1D6C928B0059C75C /* Base */,
			);
			name = Main.storyboard;
			sourceTree = "<group>";
		};
		CD2DF70F1D6C928B0059C75C /* LaunchScreen.storyboard */ = {
			isa = PBXVariantGroup;
			children = (
				CD2DF7101D6C928B0059C75C /* Base */,
			);
			name = LaunchScreen.storyboard;
			sourceTree = "<group>";
		};
/* End PBXVariantGroup section */

/* Begin XCBuildConfiguration section */
		CD2DF7131D6C928B0059C75C /* Debug */ = {
			isa = XCBuildConfiguration;
			buildSettings = {
				ALWAYS_SEARCH_USER_PATHS = NO;
				CLANG_ANALYZER_NONNULL = YES;
				CLANG_CXX_LANGUAGE_STANDARD = "gnu++0x";
				CLANG_CXX_LIBRARY = "libc++";
				CLANG_ENABLE_MODULES = YES;
				CLANG_ENABLE_OBJC_ARC = YES;
				CLANG_WARN_BOOL_CONVERSION = YES;
				CLANG_WARN_CONSTANT_CONVERSION = YES;
				CLANG_WARN_DIRECT_OBJC_ISA_USAGE = YES_ERROR;
				CLANG_WARN_EMPTY_BODY = YES;
				CLANG_WARN_ENUM_CONVERSION = YES;
				CLANG_WARN_INT_CONVERSION = YES;
				CLANG_WARN_OBJC_ROOT_CLASS = YES_ERROR;
				CLANG_WARN_UNREACHABLE_CODE = YES;
				CLANG_WARN__DUPLICATE_METHOD_MATCH = YES;
				"CODE_SIGN_IDENTITY[sdk=iphoneos*]" = "iPhone Developer";
				COPY_PHASE_STRIP = NO;
				DEBUG_INFORMATION_FORMAT = dwarf;
				ENABLE_STRICT_OBJC_MSGSEND = YES;
				ENABLE_TESTABILITY = YES;
				GCC_C_LANGUAGE_STANDARD = gnu99;
				GCC_DYNAMIC_NO_PIC = NO;
				GCC_NO_COMMON_BLOCKS = YES;
				GCC_OPTIMIZATION_LEVEL = 0;
				GCC_PREPROCESSOR_DEFINITIONS = (
					"DEBUG=1",
					"$(inherited)",
				);
				GCC_WARN_64_TO_32_BIT_CONVERSION = YES;
				GCC_WARN_ABOUT_RETURN_TYPE = YES_ERROR;
				GCC_WARN_UNDECLARED_SELECTOR = YES;
				GCC_WARN_UNINITIALIZED_AUTOS = YES_AGGRESSIVE;
				GCC_WARN_UNUSED_FUNCTION = YES;
				GCC_WARN_UNUSED_VARIABLE = YES;
				IPHONEOS_DEPLOYMENT_TARGET = 9.3;
				MTL_ENABLE_DEBUG_INFO = YES;
				ONLY_ACTIVE_ARCH = YES;
				SDKROOT = iphoneos;
				SWIFT_OPTIMIZATION_LEVEL = "-Onone";
			};
			name = Debug;
		};
		CD2DF7141D6C928B0059C75C /* Release */ = {
			isa = XCBuildConfiguration;
			buildSettings = {
				ALWAYS_SEARCH_USER_PATHS = NO;
				CLANG_ANALYZER_NONNULL = YES;
				CLANG_CXX_LANGUAGE_STANDARD = "gnu++0x";
				CLANG_CXX_LIBRARY = "libc++";
				CLANG_ENABLE_MODULES = YES;
				CLANG_ENABLE_OBJC_ARC = YES;
				CLANG_WARN_BOOL_CONVERSION = YES;
				CLANG_WARN_CONSTANT_CONVERSION = YES;
				CLANG_WARN_DIRECT_OBJC_ISA_USAGE = YES_ERROR;
				CLANG_WARN_EMPTY_BODY = YES;
				CLANG_WARN_ENUM_CONVERSION = YES;
				CLANG_WARN_INT_CONVERSION = YES;
				CLANG_WARN_OBJC_ROOT_CLASS = YES_ERROR;
				CLANG_WARN_UNREACHABLE_CODE = YES;
				CLANG_WARN__DUPLICATE_METHOD_MATCH = YES;
				"CODE_SIGN_IDENTITY[sdk=iphoneos*]" = "iPhone Developer";
				COPY_PHASE_STRIP = NO;
				DEBUG_INFORMATION_FORMAT = "dwarf-with-dsym";
				ENABLE_NS_ASSERTIONS = NO;
				ENABLE_STRICT_OBJC_MSGSEND = YES;
				GCC_C_LANGUAGE_STANDARD = gnu99;
				GCC_NO_COMMON_BLOCKS = YES;
				GCC_WARN_64_TO_32_BIT_CONVERSION = YES;
				GCC_WARN_ABOUT_RETURN_TYPE = YES_ERROR;
				GCC_WARN_UNDECLARED_SELECTOR = YES;
				GCC_WARN_UNINITIALIZED_AUTOS = YES_AGGRESSIVE;
				GCC_WARN_UNUSED_FUNCTION = YES;
				GCC_WARN_UNUSED_VARIABLE = YES;
				IPHONEOS_DEPLOYMENT_TARGET = 9.3;
				MTL_ENABLE_DEBUG_INFO = NO;
				SDKROOT = iphoneos;
				VALIDATE_PRODUCT = YES;
			};
			name = Release;
		};
		CD2DF7161D6C928B0059C75C /* Debug */ = {
			isa = XCBuildConfiguration;
			buildSettings = {
				ASSETCATALOG_COMPILER_APPICON_NAME = AppIcon;
				INFOPLIST_FILE = SecondKadaiApp/Info.plist;
				LD_RUNPATH_SEARCH_PATHS = "$(inherited) @executable_path/Frameworks";
				PRODUCT_BUNDLE_IDENTIFIER = jp.techacademy.takayoshi.yokoyama.SecondKadaiApp;
				PRODUCT_NAME = "$(TARGET_NAME)";
			};
			name = Debug;
		};
		CD2DF7171D6C928B0059C75C /* Release */ = {
			isa = XCBuildConfiguration;
			buildSettings = {
				ASSETCATALOG_COMPILER_APPICON_NAME = AppIcon;
				INFOPLIST_FILE = SecondKadaiApp/Info.plist;
				LD_RUNPATH_SEARCH_PATHS = "$(inherited) @executable_path/Frameworks";
				PRODUCT_BUNDLE_IDENTIFIER = jp.techacademy.takayoshi.yokoyama.SecondKadaiApp;
				PRODUCT_NAME = "$(TARGET_NAME)";
			};
			name = Release;
		};
/* End XCBuildConfiguration section */

/* Begin XCConfigurationList section */
		CD2DF6FE1D6C928B0059C75C /* Build configuration list for PBXProject "SecondKadaiApp" */ = {
			isa = XCConfigurationList;
			buildConfigurations = (
				CD2DF7131D6C928B0059C75C /* Debug */,
				CD2DF7141D6C928B0059C75C /* Release */,
			);
			defaultConfigurationIsVisible = 0;
			defaultConfigurationName = Release;
		};
		CD2DF7151D6C928B0059C75C /* Build configuration list for PBXNativeTarget "SecondKadaiApp" */ = {
			isa = XCConfigurationList;
			buildConfigurations = (
				CD2DF7161D6C928B0059C75C /* Debug */,
				CD2DF7171D6C928B0059C75C /* Release */,
			);
			defaultConfigurationIsVisible = 0;
		};
/* End XCConfigurationList section */
	};
	rootObject = CD2DF6FB1D6C928B0059C75C /* Project object */;
}
